
Microsoft Visual Studio Solution File, Format Version 12.00
# Visual Studio Version 17
VisualStudioVersion = 17.14.36811.4
MinimumVisualStudioVersion = 10.0.40219.1
Project("{FAE04EC0-301F-11D3-BF4B-00C04F79EFBC}") = "Crm.Entities", "Crm.Entities\Crm.Entities.csproj", "{772DA080-9B2F-4B55-A55F-D4CB32D96813}"
EndProject
Project("{FAE04EC0-301F-11D3-BF4B-00C04F79EFBC}") = "Crm.Data", "Crm.Data\Crm.Data.csproj", "{A4191829-6868-4927-B789-E383C51614CD}"
EndProject
Project("{FAE04EC0-301F-11D3-BF4B-00C04F79EFBC}") = "Crm.Business", "Crm.Business\Crm.Business.csproj", "{A673B8F7-F12F-4158-BA77-A3A1ECE271E8}"
EndProject
Project("{FAE04EC0-301F-11D3-BF4B-00C04F79EFBC}") = "Crm.Services", "Crm.Services\Crm.Services.csproj", "{9787BA24-5B3D-4854-9DE7-A0ED3017757F}"
EndProject
Project("{FAE04EC0-301F-11D3-BF4B-00C04F79EFBC}") = "Crm.Api.Gateway", "Crm.Api.Gateway\Crm.Api.Gateway.csproj", "{D2F4DA24-214C-4F57-989D-05B2CA7B930E}"
EndProject
Project("{FAE04EC0-301F-11D3-BF4B-00C04F79EFBC}") = "Crm.Api.Agent", "Crm.Api.Agent\Crm.Api.Agent.csproj", "{A3B2626C-0CDA-4DF9-A822-F48122ED8344}"
EndProject
Project("{FAE04EC0-301F-11D3-BF4B-00C04F79EFBC}") = "Crm.Api.Integration", "Crm.Api.Integration\Crm.Api.Integration.csproj", "{9A049A26-69DB-41FA-9C60-FCA5BFE2309C}"
EndProject
Project("{FAE04EC0-301F-11D3-BF4B-00C04F79EFBC}") = "Crm.Api.Banking", "Crm.Api.Banking\Crm.Api.Banking.csproj", "{622D6E83-AD8C-43F2-94B6-3319C760C0A3}"
EndProject
Project("{FAE04EC0-301F-11D3-BF4B-00C04F79EFBC}") = "Crm.Api.Work", "Crm.Api.Work\Crm.Api.Work.csproj", "{2B6B2FFA-FE27-4E4F-9E14-D7E161630F2B}"
EndProject
Project("{FAE04EC0-301F-11D3-BF4B-00C04F79EFBC}") = "Crm.Api.Documents", "Crm.Api.Documents\Crm.Api.Documents.csproj", "{180690BD-4E1F-4302-8141-4DD11CD2717D}"
EndProject
Project("{FAE04EC0-301F-11D3-BF4B-00C04F79EFBC}") = "Crm.Api.Messaging", "Crm.Api.Messaging\Crm.Api.Messaging.csproj", "{70852EDF-376A-4AC2-B97E-10981E6B4EE7}"
EndProject
Global
	GlobalSection(SolutionConfigurationPlatforms) = preSolution
		Debug|Any CPU = Debug|Any CPU
		Release|Any CPU = Release|Any CPU
	EndGlobalSection
	GlobalSection(ProjectConfigurationPlatforms) = postSolution
		{772DA080-9B2F-4B55-A55F-D4CB32D96813}.Debug|Any CPU.ActiveCfg = Debug|Any CPU
		{772DA080-9B2F-4B55-A55F-D4CB32D96813}.Debug|Any CPU.Build.0 = Debug|Any CPU
		{772DA080-9B2F-4B55-A55F-D4CB32D96813}.Release|Any CPU.ActiveCfg = Release|Any CPU
		{772DA080-9B2F-4B55-A55F-D4CB32D96813}.Release|Any CPU.Build.0 = Release|Any CPU
		{A4191829-6868-4927-B789-E383C51614CD}.Debug|Any CPU.ActiveCfg = Debug|Any CPU
		{A4191829-6868-4927-B789-E383C51614CD}.Debug|Any CPU.Build.0 = Debug|Any CPU
		{A4191829-6868-4927-B789-E383C51614CD}.Release|Any CPU.ActiveCfg = Release|Any CPU
		{A4191829-6868-4927-B789-E383C51614CD}.Release|Any CPU.Build.0 = Release|Any CPU
		{A673B8F7-F12F-4158-BA77-A3A1ECE271E8}.Debug|Any CPU.ActiveCfg = Debug|Any CPU
		{A673B8F7-F12F-4158-BA77-A3A1ECE271E8}.Debug|Any CPU.Build.0 = Debug|Any CPU
		{A673B8F7-F12F-4158-BA77-A3A1ECE271E8}.Release|Any CPU.ActiveCfg = Release|Any CPU
		{A673B8F7-F12F-4158-BA77-A3A1ECE271E8}.Release|Any CPU.Build.0 = Release|Any CPU
		{9787BA24-5B3D-4854-9DE7-A0ED3017757F}.Debug|Any CPU.ActiveCfg = Debug|Any CPU
		{9787BA24-5B3D-4854-9DE7-A0ED3017757F}.Debug|Any CPU.Build.0 = Debug|Any CPU
		{9787BA24-5B3D-4854-9DE7-A0ED3017757F}.Release|Any CPU.ActiveCfg = Release|Any CPU
		{9787BA24-5B3D-4854-9DE7-A0ED3017757F}.Release|Any CPU.Build.0 = Release|Any CPU
		{D2F4DA24-214C-4F57-989D-05B2CA7B930E}.Debug|Any CPU.ActiveCfg = Debug|Any CPU
		{D2F4DA24-214C-4F57-989D-05B2CA7B930E}.Debug|Any CPU.Build.0 = Debug|Any CPU
		{D2F4DA24-214C-4F57-989D-05B2CA7B930E}.Release|Any CPU.ActiveCfg = Release|Any CPU
		{D2F4DA24-214C-4F57-989D-05B2CA7B930E}.Release|Any CPU.Build.0 = Release|Any CPU
		{A3B2626C-0CDA-4DF9-A822-F48122ED8344}.Debug|Any CPU.ActiveCfg = Debug|Any CPU
		{A3B2626C-0CDA-4DF9-A822-F48122ED8344}.Debug|Any CPU.Build.0 = Debug|Any CPU
		{A3B2626C-0CDA-4DF9-A822-F48122ED8344}.Release|Any CPU.ActiveCfg = Release|Any CPU
		{A3B2626C-0CDA-4DF9-A822-F48122ED8344}.Release|Any CPU.Build.0 = Release|Any CPU
		{9A049A26-69DB-41FA-9C60-FCA5BFE2309C}.Debug|Any CPU.ActiveCfg = Debug|Any CPU
		{9A049A26-69DB-41FA-9C60-FCA5BFE2309C}.Debug|Any CPU.Build.0 = Debug|Any CPU
		{9A049A26-69DB-41FA-9C60-FCA5BFE2309C}.Release|Any CPU.ActiveCfg = Release|Any CPU
		{9A049A26-69DB-41FA-9C60-FCA5BFE2309C}.Release|Any CPU.Build.0 = Release|Any CPU
		{622D6E83-AD8C-43F2-94B6-3319C760C0A3}.Debug|Any CPU.ActiveCfg = Debug|Any CPU
		{622D6E83-AD8C-43F2-94B6-3319C760C0A3}.Debug|Any CPU.Build.0 = Debug|Any CPU
		{622D6E83-AD8C-43F2-94B6-3319C760C0A3}.Release|Any CPU.ActiveCfg = Release|Any CPU
		{622D6E83-AD8C-43F2-94B6-3319C760C0A3}.Release|Any CPU.Build.0 = Release|Any CPU
		{2B6B2FFA-FE27-4E4F-9E14-D7E161630F2B}.Debug|Any CPU.ActiveCfg = Debug|Any CPU
		{2B6B2FFA-FE27-4E4F-9E14-D7E161630F2B}.Debug|Any CPU.Build.0 = Debug|Any CPU
		{2B6B2FFA-FE27-4E4F-9E14-D7E161630F2B}.Release|Any CPU.ActiveCfg = Release|Any CPU
		{2B6B2FFA-FE27-4E4F-9E14-D7E161630F2B}.Release|Any CPU.Build.0 = Release|Any CPU
		{180690BD-4E1F-4302-8141-4DD11CD2717D}.Debug|Any CPU.ActiveCfg = Debug|Any CPU
		{180690BD-4E1F-4302-8141-4DD11CD2717D}.Debug|Any CPU.Build.0 = Debug|Any CPU
		{180690BD-4E1F-4302-8141-4DD11CD2717D}.Release|Any CPU.ActiveCfg = Release|Any CPU
		{180690BD-4E1F-4302-8141-4DD11CD2717D}.Release|Any CPU.Build.0 = Release|Any CPU
		{70852EDF-376A-4AC2-B97E-10981E6B4EE7}.Debug|Any CPU.ActiveCfg = Debug|Any CPU
		{70852EDF-376A-4AC2-B97E-10981E6B4EE7}.Debug|Any CPU.Build.0 = Debug|Any CPU
		{70852EDF-376A-4AC2-B97E-10981E6B4EE7}.Release|Any CPU.ActiveCfg = Release|Any CPU
		{70852EDF-376A-4AC2-B97E-10981E6B4EE7}.Release|Any CPU.Build.0 = Release|Any CPU
	EndGlobalSection
	GlobalSection(SolutionProperties) = preSolution
		HideSolutionNode = FALSE
	EndGlobalSection
	GlobalSection(ExtensibilityGlobals) = postSolution
		SolutionGuid = {376B11C8-C760-4CB8-9118-34FCC8B239BA}
	EndGlobalSection
EndGlobal
